// !$*UTF8*$!
{
	archiveVersion = 1;
	classes = {
	};
	objectVersion = 46;
	objects = {

/* Begin PBXBuildFile section */
		074B9B0BBA44CEE2A57739A5 /* Pods_FlicksUITests.framework in Frameworks */ = {isa = PBXBuildFile; fileRef = E65D7EDB1990519636CD607E /* Pods_FlicksUITests.framework */; };
		5BB2DBD11F691D430077F3EA /* AppDelegate.swift in Sources */ = {isa = PBXBuildFile; fileRef = 5BB2DBD01F691D430077F3EA /* AppDelegate.swift */; };
		5BB2DBD61F691D430077F3EA /* Main.storyboard in Resources */ = {isa = PBXBuildFile; fileRef = 5BB2DBD41F691D430077F3EA /* Main.storyboard */; };
		5BB2DBD81F691D430077F3EA /* Assets.xcassets in Resources */ = {isa = PBXBuildFile; fileRef = 5BB2DBD71F691D430077F3EA /* Assets.xcassets */; };
		5BB2DBDB1F691D430077F3EA /* LaunchScreen.storyboard in Resources */ = {isa = PBXBuildFile; fileRef = 5BB2DBD91F691D430077F3EA /* LaunchScreen.storyboard */; };
		5BB2DBE61F691D430077F3EA /* FlicksTests.swift in Sources */ = {isa = PBXBuildFile; fileRef = 5BB2DBE51F691D430077F3EA /* FlicksTests.swift */; };
		5BB2DBF11F691D430077F3EA /* FlicksUITests.swift in Sources */ = {isa = PBXBuildFile; fileRef = 5BB2DBF01F691D430077F3EA /* FlicksUITests.swift */; };
		5BD43A5E1F6A1C1C004B7423 /* MovieListViewController.swift in Sources */ = {isa = PBXBuildFile; fileRef = 5BD43A5D1F6A1C1C004B7423 /* MovieListViewController.swift */; };
		5BD43A601F6A1ECC004B7423 /* MovieListCell.swift in Sources */ = {isa = PBXBuildFile; fileRef = 5BD43A5F1F6A1ECC004B7423 /* MovieListCell.swift */; };
		88D6F69287641D0755CFE07A /* Pods_Flicks.framework in Frameworks */ = {isa = PBXBuildFile; fileRef = 5657DDD43F87DCC4354C3FAD /* Pods_Flicks.framework */; };
		D65C4720E9C50ABF12C116F3 /* Pods_FlicksTests.framework in Frameworks */ = {isa = PBXBuildFile; fileRef = F7863E33E9B945A651510193 /* Pods_FlicksTests.framework */; };
/* End PBXBuildFile section */

/* Begin PBXContainerItemProxy section */
		5BB2DBE21F691D430077F3EA /* PBXContainerItemProxy */ = {
			isa = PBXContainerItemProxy;
			containerPortal = 5BB2DBC51F691D430077F3EA /* Project object */;
			proxyType = 1;
			remoteGlobalIDString = 5BB2DBCC1F691D430077F3EA;
			remoteInfo = Flicks;
		};
		5BB2DBED1F691D430077F3EA /* PBXContainerItemProxy */ = {
			isa = PBXContainerItemProxy;
			containerPortal = 5BB2DBC51F691D430077F3EA /* Project object */;
			proxyType = 1;
			remoteGlobalIDString = 5BB2DBCC1F691D430077F3EA;
			remoteInfo = Flicks;
		};
/* End PBXContainerItemProxy section */

/* Begin PBXFileReference section */
		0E507CA09D4FBFE8A215AF0A /* Pods-Flicks.debug.xcconfig */ = {isa = PBXFileReference; includeInIndex = 1; lastKnownFileType = text.xcconfig; name = "Pods-Flicks.debug.xcconfig"; path = "Pods/Target Support Files/Pods-Flicks/Pods-Flicks.debug.xcconfig"; sourceTree = "<group>"; };
		17E071FABC751CE4DF836AF7 /* Pods-Flicks.release.xcconfig */ = {isa = PBXFileReference; includeInIndex = 1; lastKnownFileType = text.xcconfig; name = "Pods-Flicks.release.xcconfig"; path = "Pods/Target Support Files/Pods-Flicks/Pods-Flicks.release.xcconfig"; sourceTree = "<group>"; };
		5657DDD43F87DCC4354C3FAD /* Pods_Flicks.framework */ = {isa = PBXFileReference; explicitFileType = wrapper.framework; includeInIndex = 0; path = Pods_Flicks.framework; sourceTree = BUILT_PRODUCTS_DIR; };
		5BB2DBCD1F691D430077F3EA /* Flicks.app */ = {isa = PBXFileReference; explicitFileType = wrapper.application; includeInIndex = 0; path = Flicks.app; sourceTree = BUILT_PRODUCTS_DIR; };
		5BB2DBD01F691D430077F3EA /* AppDelegate.swift */ = {isa = PBXFileReference; lastKnownFileType = sourcecode.swift; path = AppDelegate.swift; sourceTree = "<group>"; };
		5BB2DBD51F691D430077F3EA /* Base */ = {isa = PBXFileReference; lastKnownFileType = file.storyboard; name = Base; path = Base.lproj/Main.storyboard; sourceTree = "<group>"; };
		5BB2DBD71F691D430077F3EA /* Assets.xcassets */ = {isa = PBXFileReference; lastKnownFileType = folder.assetcatalog; path = Assets.xcassets; sourceTree = "<group>"; };
		5BB2DBDA1F691D430077F3EA /* Base */ = {isa = PBXFileReference; lastKnownFileType = file.storyboard; name = Base; path = Base.lproj/LaunchScreen.storyboard; sourceTree = "<group>"; };
		5BB2DBDC1F691D430077F3EA /* Info.plist */ = {isa = PBXFileReference; lastKnownFileType = text.plist.xml; path = Info.plist; sourceTree = "<group>"; };
		5BB2DBE11F691D430077F3EA /* FlicksTests.xctest */ = {isa = PBXFileReference; explicitFileType = wrapper.cfbundle; includeInIndex = 0; path = FlicksTests.xctest; sourceTree = BUILT_PRODUCTS_DIR; };
		5BB2DBE51F691D430077F3EA /* FlicksTests.swift */ = {isa = PBXFileReference; lastKnownFileType = sourcecode.swift; path = FlicksTests.swift; sourceTree = "<group>"; };
		5BB2DBE71F691D430077F3EA /* Info.plist */ = {isa = PBXFileReference; lastKnownFileType = text.plist.xml; path = Info.plist; sourceTree = "<group>"; };
		5BB2DBEC1F691D430077F3EA /* FlicksUITests.xctest */ = {isa = PBXFileReference; explicitFileType = wrapper.cfbundle; includeInIndex = 0; path = FlicksUITests.xctest; sourceTree = BUILT_PRODUCTS_DIR; };
		5BB2DBF01F691D430077F3EA /* FlicksUITests.swift */ = {isa = PBXFileReference; lastKnownFileType = sourcecode.swift; path = FlicksUITests.swift; sourceTree = "<group>"; };
		5BB2DBF21F691D430077F3EA /* Info.plist */ = {isa = PBXFileReference; lastKnownFileType = text.plist.xml; path = Info.plist; sourceTree = "<group>"; };
		5BD43A5D1F6A1C1C004B7423 /* MovieListViewController.swift */ = {isa = PBXFileReference; fileEncoding = 4; lastKnownFileType = sourcecode.swift; path = MovieListViewController.swift; sourceTree = "<group>"; };
		5BD43A5F1F6A1ECC004B7423 /* MovieListCell.swift */ = {isa = PBXFileReference; fileEncoding = 4; lastKnownFileType = sourcecode.swift; path = MovieListCell.swift; sourceTree = "<group>"; };
		905416DC2BAEE406CF6581AB /* Pods-FlicksTests.release.xcconfig */ = {isa = PBXFileReference; includeInIndex = 1; lastKnownFileType = text.xcconfig; name = "Pods-FlicksTests.release.xcconfig"; path = "Pods/Target Support Files/Pods-FlicksTests/Pods-FlicksTests.release.xcconfig"; sourceTree = "<group>"; };
		AB85ABD6EA3D87ACFC080729 /* Pods-FlicksUITests.debug.xcconfig */ = {isa = PBXFileReference; includeInIndex = 1; lastKnownFileType = text.xcconfig; name = "Pods-FlicksUITests.debug.xcconfig"; path = "Pods/Target Support Files/Pods-FlicksUITests/Pods-FlicksUITests.debug.xcconfig"; sourceTree = "<group>"; };
		BA6DD0FE2BB87AD97119002A /* Pods-FlicksUITests.release.xcconfig */ = {isa = PBXFileReference; includeInIndex = 1; lastKnownFileType = text.xcconfig; name = "Pods-FlicksUITests.release.xcconfig"; path = "Pods/Target Support Files/Pods-FlicksUITests/Pods-FlicksUITests.release.xcconfig"; sourceTree = "<group>"; };
		E65D7EDB1990519636CD607E /* Pods_FlicksUITests.framework */ = {isa = PBXFileReference; explicitFileType = wrapper.framework; includeInIndex = 0; path = Pods_FlicksUITests.framework; sourceTree = BUILT_PRODUCTS_DIR; };
		F2260FF7A34160289C0C139D /* Pods-FlicksTests.debug.xcconfig */ = {isa = PBXFileReference; includeInIndex = 1; lastKnownFileType = text.xcconfig; name = "Pods-FlicksTests.debug.xcconfig"; path = "Pods/Target Support Files/Pods-FlicksTests/Pods-FlicksTests.debug.xcconfig"; sourceTree = "<group>"; };
		F7863E33E9B945A651510193 /* Pods_FlicksTests.framework */ = {isa = PBXFileReference; explicitFileType = wrapper.framework; includeInIndex = 0; path = Pods_FlicksTests.framework; sourceTree = BUILT_PRODUCTS_DIR; };
/* End PBXFileReference section */

/* Begin PBXFrameworksBuildPhase section */
		5BB2DBCA1F691D430077F3EA /* Frameworks */ = {
			isa = PBXFrameworksBuildPhase;
			buildActionMask = 2147483647;
			files = (
				88D6F69287641D0755CFE07A /* Pods_Flicks.framework in Frameworks */,
			);
			runOnlyForDeploymentPostprocessing = 0;
		};
		5BB2DBDE1F691D430077F3EA /* Frameworks */ = {
			isa = PBXFrameworksBuildPhase;
			buildActionMask = 2147483647;
			files = (
				D65C4720E9C50ABF12C116F3 /* Pods_FlicksTests.framework in Frameworks */,
			);
			runOnlyForDeploymentPostprocessing = 0;
		};
		5BB2DBE91F691D430077F3EA /* Frameworks */ = {
			isa = PBXFrameworksBuildPhase;
			buildActionMask = 2147483647;
			files = (
				074B9B0BBA44CEE2A57739A5 /* Pods_FlicksUITests.framework in Frameworks */,
			);
			runOnlyForDeploymentPostprocessing = 0;
		};
/* End PBXFrameworksBuildPhase section */

/* Begin PBXGroup section */
		5BB2DBC41F691D430077F3EA = {
			isa = PBXGroup;
			children = (
				5BB2DBCF1F691D430077F3EA /* Flicks */,
				5BB2DBE41F691D430077F3EA /* FlicksTests */,
				5BB2DBEF1F691D430077F3EA /* FlicksUITests */,
				5BB2DBCE1F691D430077F3EA /* Products */,
				AD4D90D324A360801C8F6DDD /* Pods */,
				79159B754397F33276636405 /* Frameworks */,
			);
			sourceTree = "<group>";
		};
		5BB2DBCE1F691D430077F3EA /* Products */ = {
			isa = PBXGroup;
			children = (
				5BB2DBCD1F691D430077F3EA /* Flicks.app */,
				5BB2DBE11F691D430077F3EA /* FlicksTests.xctest */,
				5BB2DBEC1F691D430077F3EA /* FlicksUITests.xctest */,
			);
			name = Products;
			sourceTree = "<group>";
		};
		5BB2DBCF1F691D430077F3EA /* Flicks */ = {
			isa = PBXGroup;
			children = (
				5BD43A5F1F6A1ECC004B7423 /* MovieListCell.swift */,
				5BB2DBD01F691D430077F3EA /* AppDelegate.swift */,
				5BB2DBD41F691D430077F3EA /* Main.storyboard */,
				5BD43A5D1F6A1C1C004B7423 /* MovieListViewController.swift */,
				5BB2DBD71F691D430077F3EA /* Assets.xcassets */,
				5BB2DBD91F691D430077F3EA /* LaunchScreen.storyboard */,
				5BB2DBDC1F691D430077F3EA /* Info.plist */,
			);
			path = Flicks;
			sourceTree = "<group>";
		};
		5BB2DBE41F691D430077F3EA /* FlicksTests */ = {
			isa = PBXGroup;
			children = (
				5BB2DBE51F691D430077F3EA /* FlicksTests.swift */,
				5BB2DBE71F691D430077F3EA /* Info.plist */,
			);
			path = FlicksTests;
			sourceTree = "<group>";
		};
		5BB2DBEF1F691D430077F3EA /* FlicksUITests */ = {
			isa = PBXGroup;
			children = (
				5BB2DBF01F691D430077F3EA /* FlicksUITests.swift */,
				5BB2DBF21F691D430077F3EA /* Info.plist */,
			);
			path = FlicksUITests;
			sourceTree = "<group>";
		};
		79159B754397F33276636405 /* Frameworks */ = {
			isa = PBXGroup;
			children = (
				5657DDD43F87DCC4354C3FAD /* Pods_Flicks.framework */,
				F7863E33E9B945A651510193 /* Pods_FlicksTests.framework */,
				E65D7EDB1990519636CD607E /* Pods_FlicksUITests.framework */,
			);
			name = Frameworks;
			sourceTree = "<group>";
		};
		AD4D90D324A360801C8F6DDD /* Pods */ = {
			isa = PBXGroup;
			children = (
				0E507CA09D4FBFE8A215AF0A /* Pods-Flicks.debug.xcconfig */,
				17E071FABC751CE4DF836AF7 /* Pods-Flicks.release.xcconfig */,
				F2260FF7A34160289C0C139D /* Pods-FlicksTests.debug.xcconfig */,
				905416DC2BAEE406CF6581AB /* Pods-FlicksTests.release.xcconfig */,
				AB85ABD6EA3D87ACFC080729 /* Pods-FlicksUITests.debug.xcconfig */,
				BA6DD0FE2BB87AD97119002A /* Pods-FlicksUITests.release.xcconfig */,
			);
			name = Pods;
			sourceTree = "<group>";
		};
/* End PBXGroup section */

/* Begin PBXNativeTarget section */
		5BB2DBCC1F691D430077F3EA /* Flicks */ = {
			isa = PBXNativeTarget;
			buildConfigurationList = 5BB2DBF51F691D430077F3EA /* Build configuration list for PBXNativeTarget "Flicks" */;
			buildPhases = (
				744721AED13CDEB9D5E7E5C8 /* [CP] Check Pods Manifest.lock */,
				5BB2DBC91F691D430077F3EA /* Sources */,
				5BB2DBCA1F691D430077F3EA /* Frameworks */,
				5BB2DBCB1F691D430077F3EA /* Resources */,
				8096AFACEE66D6A15D6BB578 /* [CP] Embed Pods Frameworks */,
				561EE5ED5F91C3550CA4F2DF /* [CP] Copy Pods Resources */,
			);
			buildRules = (
			);
			dependencies = (
			);
			name = Flicks;
			productName = Flicks;
			productReference = 5BB2DBCD1F691D430077F3EA /* Flicks.app */;
			productType = "com.apple.product-type.application";
		};
		5BB2DBE01F691D430077F3EA /* FlicksTests */ = {
			isa = PBXNativeTarget;
			buildConfigurationList = 5BB2DBF81F691D430077F3EA /* Build configuration list for PBXNativeTarget "FlicksTests" */;
			buildPhases = (
				BE9B78558F15D3E39E76FF57 /* [CP] Check Pods Manifest.lock */,
				5BB2DBDD1F691D430077F3EA /* Sources */,
				5BB2DBDE1F691D430077F3EA /* Frameworks */,
				5BB2DBDF1F691D430077F3EA /* Resources */,
				722AE1EB67A562CFAEE783DC /* [CP] Embed Pods Frameworks */,
				3DD91C033AC0ECA428F922AB /* [CP] Copy Pods Resources */,
			);
			buildRules = (
			);
			dependencies = (
				5BB2DBE31F691D430077F3EA /* PBXTargetDependency */,
			);
			name = FlicksTests;
			productName = FlicksTests;
			productReference = 5BB2DBE11F691D430077F3EA /* FlicksTests.xctest */;
			productType = "com.apple.product-type.bundle.unit-test";
		};
		5BB2DBEB1F691D430077F3EA /* FlicksUITests */ = {
			isa = PBXNativeTarget;
			buildConfigurationList = 5BB2DBFB1F691D430077F3EA /* Build configuration list for PBXNativeTarget "FlicksUITests" */;
			buildPhases = (
				B898992B46B037E6D2D70208 /* [CP] Check Pods Manifest.lock */,
				5BB2DBE81F691D430077F3EA /* Sources */,
				5BB2DBE91F691D430077F3EA /* Frameworks */,
				5BB2DBEA1F691D430077F3EA /* Resources */,
				005310360FAD2D4A1E16A240 /* [CP] Embed Pods Frameworks */,
				80CED408BB3BECDEA81753E8 /* [CP] Copy Pods Resources */,
			);
			buildRules = (
			);
			dependencies = (
				5BB2DBEE1F691D430077F3EA /* PBXTargetDependency */,
			);
			name = FlicksUITests;
			productName = FlicksUITests;
			productReference = 5BB2DBEC1F691D430077F3EA /* FlicksUITests.xctest */;
			productType = "com.apple.product-type.bundle.ui-testing";
		};
/* End PBXNativeTarget section */

/* Begin PBXProject section */
		5BB2DBC51F691D430077F3EA /* Project object */ = {
			isa = PBXProject;
			attributes = {
				LastSwiftUpdateCheck = 0830;
				LastUpgradeCheck = 0830;
				ORGANIZATIONNAME = hetang;
				TargetAttributes = {
					5BB2DBCC1F691D430077F3EA = {
						CreatedOnToolsVersion = 8.3.3;
						DevelopmentTeam = CLFL5RF4PS;
						ProvisioningStyle = Automatic;
					};
					5BB2DBE01F691D430077F3EA = {
						CreatedOnToolsVersion = 8.3.3;
						DevelopmentTeam = CLFL5RF4PS;
						ProvisioningStyle = Automatic;
						TestTargetID = 5BB2DBCC1F691D430077F3EA;
					};
					5BB2DBEB1F691D430077F3EA = {
						CreatedOnToolsVersion = 8.3.3;
						DevelopmentTeam = CLFL5RF4PS;
						ProvisioningStyle = Automatic;
						TestTargetID = 5BB2DBCC1F691D430077F3EA;
					};
				};
			};
			buildConfigurationList = 5BB2DBC81F691D430077F3EA /* Build configuration list for PBXProject "Flicks" */;
			compatibilityVersion = "Xcode 3.2";
			developmentRegion = English;
			hasScannedForEncodings = 0;
			knownRegions = (
				en,
				Base,
			);
			mainGroup = 5BB2DBC41F691D430077F3EA;
			productRefGroup = 5BB2DBCE1F691D430077F3EA /* Products */;
			projectDirPath = "";
			projectRoot = "";
			targets = (
				5BB2DBCC1F691D430077F3EA /* Flicks */,
				5BB2DBE01F691D430077F3EA /* FlicksTests */,
				5BB2DBEB1F691D430077F3EA /* FlicksUITests */,
			);
		};
/* End PBXProject section */

/* Begin PBXResourcesBuildPhase section */
		5BB2DBCB1F691D430077F3EA /* Resources */ = {
			isa = PBXResourcesBuildPhase;
			buildActionMask = 2147483647;
			files = (
				5BB2DBDB1F691D430077F3EA /* LaunchScreen.storyboard in Resources */,
				5BB2DBD81F691D430077F3EA /* Assets.xcassets in Resources */,
				5BB2DBD61F691D430077F3EA /* Main.storyboard in Resources */,
			);
			runOnlyForDeploymentPostprocessing = 0;
		};
		5BB2DBDF1F691D430077F3EA /* Resources */ = {
			isa = PBXResourcesBuildPhase;
			buildActionMask = 2147483647;
			files = (
			);
			runOnlyForDeploymentPostprocessing = 0;
		};
		5BB2DBEA1F691D430077F3EA /* Resources */ = {
			isa = PBXResourcesBuildPhase;
			buildActionMask = 2147483647;
			files = (
			);
			runOnlyForDeploymentPostprocessing = 0;
		};
/* End PBXResourcesBuildPhase section */

/* Begin PBXShellScriptBuildPhase section */
		005310360FAD2D4A1E16A240 /* [CP] Embed Pods Frameworks */ = {
			isa = PBXShellScriptBuildPhase;
			buildActionMask = 2147483647;
			files = (
			);
			inputPaths = (
			);
			name = "[CP] Embed Pods Frameworks";
			outputPaths = (
			);
			runOnlyForDeploymentPostprocessing = 0;
			shellPath = /bin/sh;
			shellScript = "\"${SRCROOT}/Pods/Target Support Files/Pods-FlicksUITests/Pods-FlicksUITests-frameworks.sh\"\n";
			showEnvVarsInLog = 0;
		};
		3DD91C033AC0ECA428F922AB /* [CP] Copy Pods Resources */ = {
			isa = PBXShellScriptBuildPhase;
			buildActionMask = 2147483647;
			files = (
			);
			inputPaths = (
			);
			name = "[CP] Copy Pods Resources";
			outputPaths = (
			);
			runOnlyForDeploymentPostprocessing = 0;
			shellPath = /bin/sh;
			shellScript = "\"${SRCROOT}/Pods/Target Support Files/Pods-FlicksTests/Pods-FlicksTests-resources.sh\"\n";
			showEnvVarsInLog = 0;
		};
		561EE5ED5F91C3550CA4F2DF /* [CP] Copy Pods Resources */ = {
			isa = PBXShellScriptBuildPhase;
			buildActionMask = 2147483647;
			files = (
			);
			inputPaths = (
			);
			name = "[CP] Copy Pods Resources";
			outputPaths = (
			);
			runOnlyForDeploymentPostprocessing = 0;
			shellPath = /bin/sh;
			shellScript = "\"${SRCROOT}/Pods/Target Support Files/Pods-Flicks/Pods-Flicks-resources.sh\"\n";
			showEnvVarsInLog = 0;
		};
		722AE1EB67A562CFAEE783DC /* [CP] Embed Pods Frameworks */ = {
			isa = PBXShellScriptBuildPhase;
			buildActionMask = 2147483647;
			files = (
			);
			inputPaths = (
			);
			name = "[CP] Embed Pods Frameworks";
			outputPaths = (
			);
			runOnlyForDeploymentPostprocessing = 0;
			shellPath = /bin/sh;
			shellScript = "\"${SRCROOT}/Pods/Target Support Files/Pods-FlicksTests/Pods-FlicksTests-frameworks.sh\"\n";
			showEnvVarsInLog = 0;
		};
		744721AED13CDEB9D5E7E5C8 /* [CP] Check Pods Manifest.lock */ = {
			isa = PBXShellScriptBuildPhase;
			buildActionMask = 2147483647;
			files = (
			);
			inputPaths = (
				"${PODS_PODFILE_DIR_PATH}/Podfile.lock",
				"${PODS_ROOT}/Manifest.lock",
			);
			name = "[CP] Check Pods Manifest.lock";
			outputPaths = (
				"$(DERIVED_FILE_DIR)/Pods-Flicks-checkManifestLockResult.txt",
			);
			runOnlyForDeploymentPostprocessing = 0;
			shellPath = /bin/sh;
			shellScript = "diff \"${PODS_PODFILE_DIR_PATH}/Podfile.lock\" \"${PODS_ROOT}/Manifest.lock\" > /dev/null\nif [ $? != 0 ] ; then\n    # print error to STDERR\n    echo \"error: The sandbox is not in sync with the Podfile.lock. Run 'pod install' or update your CocoaPods installation.\" >&2\n    exit 1\nfi\n# This output is used by Xcode 'outputs' to avoid re-running this script phase.\necho \"SUCCESS\" > \"${SCRIPT_OUTPUT_FILE_0}\"\n";
			showEnvVarsInLog = 0;
		};
		8096AFACEE66D6A15D6BB578 /* [CP] Embed Pods Frameworks */ = {
			isa = PBXShellScriptBuildPhase;
			buildActionMask = 2147483647;
			files = (
			);
			inputPaths = (
				"${SRCROOT}/Pods/Target Support Files/Pods-Flicks/Pods-Flicks-frameworks.sh",
				"${BUILT_PRODUCTS_DIR}/Alamofire/Alamofire.framework",
				"${BUILT_PRODUCTS_DIR}/AlamofireImage/AlamofireImage.framework",
				"${BUILT_PRODUCTS_DIR}/NVActivityIndicatorView/NVActivityIndicatorView.framework",
			);
			name = "[CP] Embed Pods Frameworks";
			outputPaths = (
				"${TARGET_BUILD_DIR}/${FRAMEWORKS_FOLDER_PATH}/Alamofire.framework",
				"${TARGET_BUILD_DIR}/${FRAMEWORKS_FOLDER_PATH}/AlamofireImage.framework",
				"${TARGET_BUILD_DIR}/${FRAMEWORKS_FOLDER_PATH}/NVActivityIndicatorView.framework",
			);
			runOnlyForDeploymentPostprocessing = 0;
			shellPath = /bin/sh;
			shellScript = "\"${SRCROOT}/Pods/Target Support Files/Pods-Flicks/Pods-Flicks-frameworks.sh\"\n";
			showEnvVarsInLog = 0;
		};
		80CED408BB3BECDEA81753E8 /* [CP] Copy Pods Resources */ = {
			isa = PBXShellScriptBuildPhase;
			buildActionMask = 2147483647;
			files = (
			);
			inputPaths = (
			);
			name = "[CP] Copy Pods Resources";
			outputPaths = (
			);
			runOnlyForDeploymentPostprocessing = 0;
			shellPath = /bin/sh;
			shellScript = "\"${SRCROOT}/Pods/Target Support Files/Pods-FlicksUITests/Pods-FlicksUITests-resources.sh\"\n";
			showEnvVarsInLog = 0;
		};
		B898992B46B037E6D2D70208 /* [CP] Check Pods Manifest.lock */ = {
			isa = PBXShellScriptBuildPhase;
			buildActionMask = 2147483647;
			files = (
			);
			inputPaths = (
				"${PODS_PODFILE_DIR_PATH}/Podfile.lock",
				"${PODS_ROOT}/Manifest.lock",
			);
			name = "[CP] Check Pods Manifest.lock";
			outputPaths = (
				"$(DERIVED_FILE_DIR)/Pods-FlicksUITests-checkManifestLockResult.txt",
			);
			runOnlyForDeploymentPostprocessing = 0;
			shellPath = /bin/sh;
			shellScript = "diff \"${PODS_PODFILE_DIR_PATH}/Podfile.lock\" \"${PODS_ROOT}/Manifest.lock\" > /dev/null\nif [ $? != 0 ] ; then\n    # print error to STDERR\n    echo \"error: The sandbox is not in sync with the Podfile.lock. Run 'pod install' or update your CocoaPods installation.\" >&2\n    exit 1\nfi\n# This output is used by Xcode 'outputs' to avoid re-running this script phase.\necho \"SUCCESS\" > \"${SCRIPT_OUTPUT_FILE_0}\"\n";
			showEnvVarsInLog = 0;
		};
		BE9B78558F15D3E39E76FF57 /* [CP] Check Pods Manifest.lock */ = {
			isa = PBXShellScriptBuildPhase;
			buildActionMask = 2147483647;
			files = (
			);
			inputPaths = (
				"${PODS_PODFILE_DIR_PATH}/Podfile.lock",
				"${PODS_ROOT}/Manifest.lock",
			);
			name = "[CP] Check Pods Manifest.lock";
			outputPaths = (
				"$(DERIVED_FILE_DIR)/Pods-FlicksTests-checkManifestLockResult.txt",
			);
			runOnlyForDeploymentPostprocessing = 0;
			shellPath = /bin/sh;
			shellScript = "diff \"${PODS_PODFILE_DIR_PATH}/Podfile.lock\" \"${PODS_ROOT}/Manifest.lock\" > /dev/null\nif [ $? != 0 ] ; then\n    # print error to STDERR\n    echo \"error: The sandbox is not in sync with the Podfile.lock. Run 'pod install' or update your CocoaPods installation.\" >&2\n    exit 1\nfi\n# This output is used by Xcode 'outputs' to avoid re-running this script phase.\necho \"SUCCESS\" > \"${SCRIPT_OUTPUT_FILE_0}\"\n";
			showEnvVarsInLog = 0;
		};
/* End PBXShellScriptBuildPhase section */

/* Begin PBXSourcesBuildPhase section */
		5BB2DBC91F691D430077F3EA /* Sources */ = {
			isa = PBXSourcesBuildPhase;
			buildActionMask = 2147483647;
			files = (
				5BB2DBD11F691D430077F3EA /* AppDelegate.swift in Sources */,
				5BD43A601F6A1ECC004B7423 /* MovieListCell.swift in Sources */,
				5BD43A5E1F6A1C1C004B7423 /* MovieListViewController.swift in Sources */,
			);
			runOnlyForDeploymentPostprocessing = 0;
		};
		5BB2DBDD1F691D430077F3EA /* Sources */ = {
			isa = PBXSourcesBuildPhase;
			buildActionMask = 2147483647;
			files = (
				5BB2DBE61F691D430077F3EA /* FlicksTests.swift in Sources */,
			);
			runOnlyForDeploymentPostprocessing = 0;
		};
		5BB2DBE81F691D430077F3EA /* Sources */ = {
			isa = PBXSourcesBuildPhase;
			buildActionMask = 2147483647;
			files = (
				5BB2DBF11F691D430077F3EA /* FlicksUITests.swift in Sources */,
			);
			runOnlyForDeploymentPostprocessing = 0;
		};
/* End PBXSourcesBuildPhase section */

/* Begin PBXTargetDependency section */
		5BB2DBE31F691D430077F3EA /* PBXTargetDependency */ = {
			isa = PBXTargetDependency;
			target = 5BB2DBCC1F691D430077F3EA /* Flicks */;
			targetProxy = 5BB2DBE21F691D430077F3EA /* PBXContainerItemProxy */;
		};
		5BB2DBEE1F691D430077F3EA /* PBXTargetDependency */ = {
			isa = PBXTargetDependency;
			target = 5BB2DBCC1F691D430077F3EA /* Flicks */;
			targetProxy = 5BB2DBED1F691D430077F3EA /* PBXContainerItemProxy */;
		};
/* End PBXTargetDependency section */

/* Begin PBXVariantGroup section */
		5BB2DBD41F691D430077F3EA /* Main.storyboard */ = {
			isa = PBXVariantGroup;
			children = (
				5BB2DBD51F691D430077F3EA /* Base */,
			);
			name = Main.storyboard;
			sourceTree = "<group>";
		};
		5BB2DBD91F691D430077F3EA /* LaunchScreen.storyboard */ = {
			isa = PBXVariantGroup;
			children = (
				5BB2DBDA1F691D430077F3EA /* Base */,
			);
			name = LaunchScreen.storyboard;
			sourceTree = "<group>";
		};
/* End PBXVariantGroup section */

/* Begin XCBuildConfiguration section */
		5BB2DBF31F691D430077F3EA /* Debug */ = {
			isa = XCBuildConfiguration;
			buildSettings = {
				ALWAYS_SEARCH_USER_PATHS = NO;
				CLANG_ANALYZER_NONNULL = YES;
				CLANG_ANALYZER_NUMBER_OBJECT_CONVERSION = YES_AGGRESSIVE;
				CLANG_CXX_LANGUAGE_STANDARD = "gnu++0x";
				CLANG_CXX_LIBRARY = "libc++";
				CLANG_ENABLE_MODULES = YES;
				CLANG_ENABLE_OBJC_ARC = YES;
				CLANG_WARN_BOOL_CONVERSION = YES;
				CLANG_WARN_CONSTANT_CONVERSION = YES;
				CLANG_WARN_DIRECT_OBJC_ISA_USAGE = YES_ERROR;
				CLANG_WARN_DOCUMENTATION_COMMENTS = YES;
				CLANG_WARN_EMPTY_BODY = YES;
				CLANG_WARN_ENUM_CONVERSION = YES;
				CLANG_WARN_INFINITE_RECURSION = YES;
				CLANG_WARN_INT_CONVERSION = YES;
				CLANG_WARN_OBJC_ROOT_CLASS = YES_ERROR;
				CLANG_WARN_SUSPICIOUS_MOVE = YES;
				CLANG_WARN_UNREACHABLE_CODE = YES;
				CLANG_WARN__DUPLICATE_METHOD_MATCH = YES;
				"CODE_SIGN_IDENTITY[sdk=iphoneos*]" = "iPhone Developer";
				COPY_PHASE_STRIP = NO;
				DEBUG_INFORMATION_FORMAT = dwarf;
				ENABLE_STRICT_OBJC_MSGSEND = YES;
				ENABLE_TESTABILITY = YES;
				GCC_C_LANGUAGE_STANDARD = gnu99;
				GCC_DYNAMIC_NO_PIC = NO;
				GCC_NO_COMMON_BLOCKS = YES;
				GCC_OPTIMIZATION_LEVEL = 0;
				GCC_PREPROCESSOR_DEFINITIONS = (
					"DEBUG=1",
					"$(inherited)",
				);
				GCC_WARN_64_TO_32_BIT_CONVERSION = YES;
				GCC_WARN_ABOUT_RETURN_TYPE = YES_ERROR;
				GCC_WARN_UNDECLARED_SELECTOR = YES;
				GCC_WARN_UNINITIALIZED_AUTOS = YES_AGGRESSIVE;
				GCC_WARN_UNUSED_FUNCTION = YES;
				GCC_WARN_UNUSED_VARIABLE = YES;
				IPHONEOS_DEPLOYMENT_TARGET = 10.3;
				MTL_ENABLE_DEBUG_INFO = YES;
				ONLY_ACTIVE_ARCH = YES;
				SDKROOT = iphoneos;
				SWIFT_ACTIVE_COMPILATION_CONDITIONS = DEBUG;
				SWIFT_OPTIMIZATION_LEVEL = "-Onone";
			};
			name = Debug;
		};
		5BB2DBF41F691D430077F3EA /* Release */ = {
			isa = XCBuildConfiguration;
			buildSettings = {
				ALWAYS_SEARCH_USER_PATHS = NO;
				CLANG_ANALYZER_NONNULL = YES;
				CLANG_ANALYZER_NUMBER_OBJECT_CONVERSION = YES_AGGRESSIVE;
				CLANG_CXX_LANGUAGE_STANDARD = "gnu++0x";
				CLANG_CXX_LIBRARY = "libc++";
				CLANG_ENABLE_MODULES = YES;
				CLANG_ENABLE_OBJC_ARC = YES;
				CLANG_WARN_BOOL_CONVERSION = YES;
				CLANG_WARN_CONSTANT_CONVERSION = YES;
				CLANG_WARN_DIRECT_OBJC_ISA_USAGE = YES_ERROR;
				CLANG_WARN_DOCUMENTATION_COMMENTS = YES;
				CLANG_WARN_EMPTY_BODY = YES;
				CLANG_WARN_ENUM_CONVERSION = YES;
				CLANG_WARN_INFINITE_RECURSION = YES;
				CLANG_WARN_INT_CONVERSION = YES;
				CLANG_WARN_OBJC_ROOT_CLASS = YES_ERROR;
				CLANG_WARN_SUSPICIOUS_MOVE = YES;
				CLANG_WARN_UNREACHABLE_CODE = YES;
				CLANG_WARN__DUPLICATE_METHOD_MATCH = YES;
				"CODE_SIGN_IDENTITY[sdk=iphoneos*]" = "iPhone Developer";
				COPY_PHASE_STRIP = NO;
				DEBUG_INFORMATION_FORMAT = "dwarf-with-dsym";
				ENABLE_NS_ASSERTIONS = NO;
				ENABLE_STRICT_OBJC_MSGSEND = YES;
				GCC_C_LANGUAGE_STANDARD = gnu99;
				GCC_NO_COMMON_BLOCKS = YES;
				GCC_WARN_64_TO_32_BIT_CONVERSION = YES;
				GCC_WARN_ABOUT_RETURN_TYPE = YES_ERROR;
				GCC_WARN_UNDECLARED_SELECTOR = YES;
				GCC_WARN_UNINITIALIZED_AUTOS = YES_AGGRESSIVE;
				GCC_WARN_UNUSED_FUNCTION = YES;
				GCC_WARN_UNUSED_VARIABLE = YES;
				IPHONEOS_DEPLOYMENT_TARGET = 10.3;
				MTL_ENABLE_DEBUG_INFO = NO;
				SDKROOT = iphoneos;
				SWIFT_OPTIMIZATION_LEVEL = "-Owholemodule";
				VALIDATE_PRODUCT = YES;
			};
			name = Release;
		};
		5BB2DBF61F691D430077F3EA /* Debug */ = {
			isa = XCBuildConfiguration;
			baseConfigurationReference = 0E507CA09D4FBFE8A215AF0A /* Pods-Flicks.debug.xcconfig */;
			buildSettings = {
				ASSETCATALOG_COMPILER_APPICON_NAME = AppIcon;
				DEVELOPMENT_TEAM = CLFL5RF4PS;
				INFOPLIST_FILE = Flicks/Info.plist;
				LD_RUNPATH_SEARCH_PATHS = "$(inherited) @executable_path/Frameworks";
				PRODUCT_BUNDLE_IDENTIFIER = com.hetang.flicks.Flicks;
				PRODUCT_NAME = "$(TARGET_NAME)";
				SWIFT_VERSION = 3.0;
			};
			name = Debug;
		};
		5BB2DBF71F691D430077F3EA /* Release */ = {
			isa = XCBuildConfiguration;
			baseConfigurationReference = 17E071FABC751CE4DF836AF7 /* Pods-Flicks.release.xcconfig */;
			buildSettings = {
				ASSETCATALOG_COMPILER_APPICON_NAME = AppIcon;
				DEVELOPMENT_TEAM = CLFL5RF4PS;
				INFOPLIST_FILE = Flicks/Info.plist;
				LD_RUNPATH_SEARCH_PATHS = "$(inherited) @executable_path/Frameworks";
				PRODUCT_BUNDLE_IDENTIFIER = com.hetang.flicks.Flicks;
				PRODUCT_NAME = "$(TARGET_NAME)";
				SWIFT_VERSION = 3.0;
			};
			name = Release;
		};
		5BB2DBF91F691D430077F3EA /* Debug */ = {
			isa = XCBuildConfiguration;
			baseConfigurationReference = F2260FF7A34160289C0C139D /* Pods-FlicksTests.debug.xcconfig */;
			buildSettings = {
				ALWAYS_EMBED_SWIFT_STANDARD_LIBRARIES = YES;
				BUNDLE_LOADER = "$(TEST_HOST)";
				DEVELOPMENT_TEAM = CLFL5RF4PS;
				INFOPLIST_FILE = FlicksTests/Info.plist;
				LD_RUNPATH_SEARCH_PATHS = "$(inherited) @executable_path/Frameworks @loader_path/Frameworks";
				PRODUCT_BUNDLE_IDENTIFIER = com.hetang.flicks.FlicksTests;
				PRODUCT_NAME = "$(TARGET_NAME)";
				SWIFT_VERSION = 3.0;
				TEST_HOST = "$(BUILT_PRODUCTS_DIR)/Flicks.app/Flicks";
			};
			name = Debug;
		};
		5BB2DBFA1F691D430077F3EA /* Release */ = {
			isa = XCBuildConfiguration;
			baseConfigurationReference = 905416DC2BAEE406CF6581AB /* Pods-FlicksTests.release.xcconfig */;
			buildSettings = {
				ALWAYS_EMBED_SWIFT_STANDARD_LIBRARIES = YES;
				BUNDLE_LOADER = "$(TEST_HOST)";
				DEVELOPMENT_TEAM = CLFL5RF4PS;
				INFOPLIST_FILE = FlicksTests/Info.plist;
				LD_RUNPATH_SEARCH_PATHS = "$(inherited) @executable_path/Frameworks @loader_path/Frameworks";
				PRODUCT_BUNDLE_IDENTIFIER = com.hetang.flicks.FlicksTests;
				PRODUCT_NAME = "$(TARGET_NAME)";
				SWIFT_VERSION = 3.0;
				TEST_HOST = "$(BUILT_PRODUCTS_DIR)/Flicks.app/Flicks";
			};
			name = Release;
		};
		5BB2DBFC1F691D430077F3EA /* Debug */ = {
			isa = XCBuildConfiguration;
			baseConfigurationReference = AB85ABD6EA3D87ACFC080729 /* Pods-FlicksUITests.debug.xcconfig */;
			buildSettings = {
				ALWAYS_EMBED_SWIFT_STANDARD_LIBRARIES = YES;
				DEVELOPMENT_TEAM = CLFL5RF4PS;
				INFOPLIST_FILE = FlicksUITests/Info.plist;
				LD_RUNPATH_SEARCH_PATHS = "$(inherited) @executable_path/Frameworks @loader_path/Frameworks";
				PRODUCT_BUNDLE_IDENTIFIER = com.hetang.flicks.FlicksUITests;
				PRODUCT_NAME = "$(TARGET_NAME)";
				SWIFT_VERSION = 3.0;
				TEST_TARGET_NAME = Flicks;
			};
			name = Debug;
		};
		5BB2DBFD1F691D430077F3EA /* Release */ = {
			isa = XCBuildConfiguration;
			baseConfigurationReference = BA6DD0FE2BB87AD97119002A /* Pods-FlicksUITests.release.xcconfig */;
			buildSettings = {
				ALWAYS_EMBED_SWIFT_STANDARD_LIBRARIES = YES;
				DEVELOPMENT_TEAM = CLFL5RF4PS;
				INFOPLIST_FILE = FlicksUITests/Info.plist;
				LD_RUNPATH_SEARCH_PATHS = "$(inherited) @executable_path/Frameworks @loader_path/Frameworks";
				PRODUCT_BUNDLE_IDENTIFIER = com.hetang.flicks.FlicksUITests;
				PRODUCT_NAME = "$(TARGET_NAME)";
				SWIFT_VERSION = 3.0;
				TEST_TARGET_NAME = Flicks;
			};
			name = Release;
		};
/* End XCBuildConfiguration section */

/* Begin XCConfigurationList section */
		5BB2DBC81F691D430077F3EA /* Build configuration list for PBXProject "Flicks" */ = {
			isa = XCConfigurationList;
			buildConfigurations = (
				5BB2DBF31F691D430077F3EA /* Debug */,
				5BB2DBF41F691D430077F3EA /* Release */,
			);
			defaultConfigurationIsVisible = 0;
			defaultConfigurationName = Release;
		};
		5BB2DBF51F691D430077F3EA /* Build configuration list for PBXNativeTarget "Flicks" */ = {
			isa = XCConfigurationList;
			buildConfigurations = (
				5BB2DBF61F691D430077F3EA /* Debug */,
				5BB2DBF71F691D430077F3EA /* Release */,
			);
			defaultConfigurationIsVisible = 0;
			defaultConfigurationName = Release;
		};
		5BB2DBF81F691D430077F3EA /* Build configuration list for PBXNativeTarget "FlicksTests" */ = {
			isa = XCConfigurationList;
			buildConfigurations = (
				5BB2DBF91F691D430077F3EA /* Debug */,
				5BB2DBFA1F691D430077F3EA /* Release */,
			);
			defaultConfigurationIsVisible = 0;
			defaultConfigurationName = Release;
		};
		5BB2DBFB1F691D430077F3EA /* Build configuration list for PBXNativeTarget "FlicksUITests" */ = {
			isa = XCConfigurationList;
			buildConfigurations = (
				5BB2DBFC1F691D430077F3EA /* Debug */,
				5BB2DBFD1F691D430077F3EA /* Release */,
			);
			defaultConfigurationIsVisible = 0;
			defaultConfigurationName = Release;
		};
/* End XCConfigurationList section */
	};
	rootObject = 5BB2DBC51F691D430077F3EA /* Project object */;
}
